
Microsoft Visual Studio Solution File, Format Version 12.00
# Visual Studio Version 16
VisualStudioVersion = 16.0.29519.87
MinimumVisualStudioVersion = 10.0.40219.1
Project("{FAE04EC0-301F-11D3-BF4B-00C04F79EFBC}") = "ShoppingAPI", "ShoppingAPI.csproj", "{44EFBAE1-09BD-4C4F-A6FD-C20EA4D931AD}"
EndProject
Global
	GlobalSection(SolutionConfigurationPlatforms) = preSolution
		Debug|Any CPU = Debug|Any CPU
		Release|Any CPU = Release|Any CPU
	EndGlobalSection
	GlobalSection(ProjectConfigurationPlatforms) = postSolution
		{44EFBAE1-09BD-4C4F-A6FD-C20EA4D931AD}.Debug|Any CPU.ActiveCfg = Debug|Any CPU
		{44EFBAE1-09BD-4C4F-A6FD-C20EA4D931AD}.Debug|Any CPU.Build.0 = Debug|Any CPU
		{44EFBAE1-09BD-4C4F-A6FD-C20EA4D931AD}.Release|Any CPU.ActiveCfg = Release|Any CPU
		{44EFBAE1-09BD-4C4F-A6FD-C20EA4D931AD}.Release|Any CPU.Build.0 = Release|Any CPU
	EndGlobalSection
	GlobalSection(SolutionProperties) = preSolution
		HideSolutionNode = FALSE
	EndGlobalSection
	GlobalSection(ExtensibilityGlobals) = postSolution
		SolutionGuid = {0656DE69-17F8-48DE-861F-66C45DA838BF}
	EndGlobalSection
EndGlobal
